Microsoft Visual Studio Solution File, Format Version 12.00
# Visual Studio Version 17
VisualStudioVersion = 17.13.35818.85
MinimumVisualStudioVersion = 10.0.40219.1
Project("{8BC9CEB8-8B4A-11D0-8D11-00A0C91BC942}") = "Lab1_Var_7", "Lab1_Var_7.vcxproj", "{87BB32EF-D8C1-4BA6-936F-6D974060653A}"
EndProject
Global
	GlobalSection(SolutionConfigurationPlatforms) = preSolution
		Debug|x64 = Debug|x64
		Debug|x86 = Debug|x86
		Release|x64 = Release|x64
		Release|x86 = Release|x86
	EndGlobalSection
	GlobalSection(ProjectConfigurationPlatforms) = postSolution
		{87BB32EF-D8C1-4BA6-936F-6D974060653A}.Debug|x64.ActiveCfg = Debug|x64
		{87BB32EF-D8C1-4BA6-936F-6D974060653A}.Debug|x64.Build.0 = Debug|x64
		{87BB32EF-D8C1-4BA6-936F-6D974060653A}.Debug|x86.ActiveCfg = Debug|Win32
		{87BB32EF-D8C1-4BA6-936F-6D974060653A}.Debug|x86.Build.0 = Debug|Win32
		{87BB32EF-D8C1-4BA6-936F-6D974060653A}.Release|x64.ActiveCfg = Release|x64
		{87BB32EF-D8C1-4BA6-936F-6D974060653A}.Release|x64.Build.0 = Release|x64
		{87BB32EF-D8C1-4BA6-936F-6D974060653A}.Release|x86.ActiveCfg = Release|Win32
		{87BB32EF-D8C1-4BA6-936F-6D974060653A}.Release|x86.Build.0 = Release|Win32
	EndGlobalSection
	GlobalSection(SolutionProperties) = preSolution
		HideSolutionNode = FALSE
	EndGlobalSection
	GlobalSection(ExtensibilityGlobals) = postSolution
		SolutionGuid = {EB2259EC-14F8-428B-8918-A60ED6C78A74}
	EndGlobalSection
EndGlobal
